
Microsoft Visual Studio Solution File, Format Version 12.00
# Visual Studio 15
VisualStudioVersion = 15.0.26228.102
MinimumVisualStudioVersion = 10.0.40219.1
Project("{FAE04EC0-301F-11D3-BF4B-00C04F79EFBC}") = "A_Shop", "A_Shop\A_Shop.csproj", "{43779EF9-6F34-4405-9BDB-A5EE2CB9ACDD}"
EndProject
Project("{FAE04EC0-301F-11D3-BF4B-00C04F79EFBC}") = "DataManager", "DataManager\DataManager.csproj", "{F1A6F4D5-794A-41D1-8AFF-D73372B19ACE}"
EndProject
Project("{FAE04EC0-301F-11D3-BF4B-00C04F79EFBC}") = "SessionManager", "SessionManager\SessionManager.csproj", "{7C5CFFD8-C499-4089-AC0B-6A5B107BADB1}"
EndProject
Project("{FAE04EC0-301F-11D3-BF4B-00C04F79EFBC}") = "CacheManager", "CacheManager\CacheManager.csproj", "{9E1FB900-939C-49A1-91BE-6339420901DD}"
EndProject
Project("{FAE04EC0-301F-11D3-BF4B-00C04F79EFBC}") = "General", "General\General.csproj", "{34220CBB-1FDE-4E8C-BF48-06D35D3DC928}"
EndProject
Project("{FAE04EC0-301F-11D3-BF4B-00C04F79EFBC}") = "Reportes", "Reportes\Reportes.csproj", "{D77EBF7C-2C7C-4636-A028-BEF3E8FDAA40}"
EndProject
Project("{54435603-DBB4-11D2-8724-00A0C9A8B90C}") = "SistemaFacturacion", "SistemaFacturacion\SistemaFacturacion.vdproj", "{DA08FD51-214E-4802-8723-395BA72BA906}"
EndProject
Global
	GlobalSection(SolutionConfigurationPlatforms) = preSolution
		Debug|Any CPU = Debug|Any CPU
		Debug|ARM = Debug|ARM
		Debug|x64 = Debug|x64
		Debug|x86 = Debug|x86
		Release|Any CPU = Release|Any CPU
		Release|ARM = Release|ARM
		Release|x64 = Release|x64
		Release|x86 = Release|x86
	EndGlobalSection
	GlobalSection(ProjectConfigurationPlatforms) = postSolution
		{43779EF9-6F34-4405-9BDB-A5EE2CB9ACDD}.Debug|Any CPU.ActiveCfg = Debug|Any CPU
		{43779EF9-6F34-4405-9BDB-A5EE2CB9ACDD}.Debug|Any CPU.Build.0 = Debug|Any CPU
		{43779EF9-6F34-4405-9BDB-A5EE2CB9ACDD}.Debug|ARM.ActiveCfg = Debug|Any CPU
		{43779EF9-6F34-4405-9BDB-A5EE2CB9ACDD}.Debug|ARM.Build.0 = Debug|Any CPU
		{43779EF9-6F34-4405-9BDB-A5EE2CB9ACDD}.Debug|x64.ActiveCfg = Debug|Any CPU
		{43779EF9-6F34-4405-9BDB-A5EE2CB9ACDD}.Debug|x64.Build.0 = Debug|Any CPU
		{43779EF9-6F34-4405-9BDB-A5EE2CB9ACDD}.Debug|x86.ActiveCfg = Debug|Any CPU
		{43779EF9-6F34-4405-9BDB-A5EE2CB9ACDD}.Debug|x86.Build.0 = Debug|Any CPU
		{43779EF9-6F34-4405-9BDB-A5EE2CB9ACDD}.Release|Any CPU.ActiveCfg = Release|Any CPU
		{43779EF9-6F34-4405-9BDB-A5EE2CB9ACDD}.Release|Any CPU.Build.0 = Release|Any CPU
		{43779EF9-6F34-4405-9BDB-A5EE2CB9ACDD}.Release|ARM.ActiveCfg = Release|Any CPU
		{43779EF9-6F34-4405-9BDB-A5EE2CB9ACDD}.Release|ARM.Build.0 = Release|Any CPU
		{43779EF9-6F34-4405-9BDB-A5EE2CB9ACDD}.Release|x64.ActiveCfg = Release|Any CPU
		{43779EF9-6F34-4405-9BDB-A5EE2CB9ACDD}.Release|x64.Build.0 = Release|Any CPU
		{43779EF9-6F34-4405-9BDB-A5EE2CB9ACDD}.Release|x86.ActiveCfg = Release|Any CPU
		{43779EF9-6F34-4405-9BDB-A5EE2CB9ACDD}.Release|x86.Build.0 = Release|Any CPU
		{F1A6F4D5-794A-41D1-8AFF-D73372B19ACE}.Debug|Any CPU.ActiveCfg = Debug|Any CPU
		{F1A6F4D5-794A-41D1-8AFF-D73372B19ACE}.Debug|Any CPU.Build.0 = Debug|Any CPU
		{F1A6F4D5-794A-41D1-8AFF-D73372B19ACE}.Debug|ARM.ActiveCfg = Debug|Any CPU
		{F1A6F4D5-794A-41D1-8AFF-D73372B19ACE}.Debug|ARM.Build.0 = Debug|Any CPU
		{F1A6F4D5-794A-41D1-8AFF-D73372B19ACE}.Debug|x64.ActiveCfg = Debug|Any CPU
		{F1A6F4D5-794A-41D1-8AFF-D73372B19ACE}.Debug|x64.Build.0 = Debug|Any CPU
		{F1A6F4D5-794A-41D1-8AFF-D73372B19ACE}.Debug|x86.ActiveCfg = Debug|Any CPU
		{F1A6F4D5-794A-41D1-8AFF-D73372B19ACE}.Debug|x86.Build.0 = Debug|Any CPU
		{F1A6F4D5-794A-41D1-8AFF-D73372B19ACE}.Release|Any CPU.ActiveCfg = Release|Any CPU
		{F1A6F4D5-794A-41D1-8AFF-D73372B19ACE}.Release|Any CPU.Build.0 = Release|Any CPU
		{F1A6F4D5-794A-41D1-8AFF-D73372B19ACE}.Release|ARM.ActiveCfg = Release|Any CPU
		{F1A6F4D5-794A-41D1-8AFF-D73372B19ACE}.Release|ARM.Build.0 = Release|Any CPU
		{F1A6F4D5-794A-41D1-8AFF-D73372B19ACE}.Release|x64.ActiveCfg = Release|Any CPU
		{F1A6F4D5-794A-41D1-8AFF-D73372B19ACE}.Release|x64.Build.0 = Release|Any CPU
		{F1A6F4D5-794A-41D1-8AFF-D73372B19ACE}.Release|x86.ActiveCfg = Release|Any CPU
		{F1A6F4D5-794A-41D1-8AFF-D73372B19ACE}.Release|x86.Build.0 = Release|Any CPU
		{7C5CFFD8-C499-4089-AC0B-6A5B107BADB1}.Debug|Any CPU.ActiveCfg = Debug|Any CPU
		{7C5CFFD8-C499-4089-AC0B-6A5B107BADB1}.Debug|Any CPU.Build.0 = Debug|Any CPU
		{7C5CFFD8-C499-4089-AC0B-6A5B107BADB1}.Debug|ARM.ActiveCfg = Debug|Any CPU
		{7C5CFFD8-C499-4089-AC0B-6A5B107BADB1}.Debug|ARM.Build.0 = Debug|Any CPU
		{7C5CFFD8-C499-4089-AC0B-6A5B107BADB1}.Debug|x64.ActiveCfg = Debug|Any CPU
		{7C5CFFD8-C499-4089-AC0B-6A5B107BADB1}.Debug|x64.Build.0 = Debug|Any CPU
		{7C5CFFD8-C499-4089-AC0B-6A5B107BADB1}.Debug|x86.ActiveCfg = Debug|Any CPU
		{7C5CFFD8-C499-4089-AC0B-6A5B107BADB1}.Debug|x86.Build.0 = Debug|Any CPU
		{7C5CFFD8-C499-4089-AC0B-6A5B107BADB1}.Release|Any CPU.ActiveCfg = Release|Any CPU
		{7C5CFFD8-C499-4089-AC0B-6A5B107BADB1}.Release|Any CPU.Build.0 = Release|Any CPU
		{7C5CFFD8-C499-4089-AC0B-6A5B107BADB1}.Release|ARM.ActiveCfg = Release|Any CPU
		{7C5CFFD8-C499-4089-AC0B-6A5B107BADB1}.Release|ARM.Build.0 = Release|Any CPU
		{7C5CFFD8-C499-4089-AC0B-6A5B107BADB1}.Release|x64.ActiveCfg = Release|Any CPU
		{7C5CFFD8-C499-4089-AC0B-6A5B107BADB1}.Release|x64.Build.0 = Release|Any CPU
		{7C5CFFD8-C499-4089-AC0B-6A5B107BADB1}.Release|x86.ActiveCfg = Release|Any CPU
		{7C5CFFD8-C499-4089-AC0B-6A5B107BADB1}.Release|x86.Build.0 = Release|Any CPU
		{9E1FB900-939C-49A1-91BE-6339420901DD}.Debug|Any CPU.ActiveCfg = Debug|Any CPU
		{9E1FB900-939C-49A1-91BE-6339420901DD}.Debug|Any CPU.Build.0 = Debug|Any CPU
		{9E1FB900-939C-49A1-91BE-6339420901DD}.Debug|ARM.ActiveCfg = Debug|Any CPU
		{9E1FB900-939C-49A1-91BE-6339420901DD}.Debug|ARM.Build.0 = Debug|Any CPU
		{9E1FB900-939C-49A1-91BE-6339420901DD}.Debug|x64.ActiveCfg = Debug|Any CPU
		{9E1FB900-939C-49A1-91BE-6339420901DD}.Debug|x64.Build.0 = Debug|Any CPU
		{9E1FB900-939C-49A1-91BE-6339420901DD}.Debug|x86.ActiveCfg = Debug|Any CPU
		{9E1FB900-939C-49A1-91BE-6339420901DD}.Debug|x86.Build.0 = Debug|Any CPU
		{9E1FB900-939C-49A1-91BE-6339420901DD}.Release|Any CPU.ActiveCfg = Release|Any CPU
		{9E1FB900-939C-49A1-91BE-6339420901DD}.Release|Any CPU.Build.0 = Release|Any CPU
		{9E1FB900-939C-49A1-91BE-6339420901DD}.Release|ARM.ActiveCfg = Release|Any CPU
		{9E1FB900-939C-49A1-91BE-6339420901DD}.Release|ARM.Build.0 = Release|Any CPU
		{9E1FB900-939C-49A1-91BE-6339420901DD}.Release|x64.ActiveCfg = Release|Any CPU
		{9E1FB900-939C-49A1-91BE-6339420901DD}.Release|x64.Build.0 = Release|Any CPU
		{9E1FB900-939C-49A1-91BE-6339420901DD}.Release|x86.ActiveCfg = Release|Any CPU
		{9E1FB900-939C-49A1-91BE-6339420901DD}.Release|x86.Build.0 = Release|Any CPU
		{34220CBB-1FDE-4E8C-BF48-06D35D3DC928}.Debug|Any CPU.ActiveCfg = Debug|Any CPU
		{34220CBB-1FDE-4E8C-BF48-06D35D3DC928}.Debug|Any CPU.Build.0 = Debug|Any CPU
		{34220CBB-1FDE-4E8C-BF48-06D35D3DC928}.Debug|ARM.ActiveCfg = Debug|Any CPU
		{34220CBB-1FDE-4E8C-BF48-06D35D3DC928}.Debug|ARM.Build.0 = Debug|Any CPU
		{34220CBB-1FDE-4E8C-BF48-06D35D3DC928}.Debug|x64.ActiveCfg = Debug|Any CPU
		{34220CBB-1FDE-4E8C-BF48-06D35D3DC928}.Debug|x64.Build.0 = Debug|Any CPU
		{34220CBB-1FDE-4E8C-BF48-06D35D3DC928}.Debug|x86.ActiveCfg = Debug|Any CPU
		{34220CBB-1FDE-4E8C-BF48-06D35D3DC928}.Debug|x86.Build.0 = Debug|Any CPU
		{34220CBB-1FDE-4E8C-BF48-06D35D3DC928}.Release|Any CPU.ActiveCfg = Release|Any CPU
		{34220CBB-1FDE-4E8C-BF48-06D35D3DC928}.Release|Any CPU.Build.0 = Release|Any CPU
		{34220CBB-1FDE-4E8C-BF48-06D35D3DC928}.Release|ARM.ActiveCfg = Release|Any CPU
		{34220CBB-1FDE-4E8C-BF48-06D35D3DC928}.Release|ARM.Build.0 = Release|Any CPU
		{34220CBB-1FDE-4E8C-BF48-06D35D3DC928}.Release|x64.ActiveCfg = Release|Any CPU
		{34220CBB-1FDE-4E8C-BF48-06D35D3DC928}.Release|x64.Build.0 = Release|Any CPU
		{34220CBB-1FDE-4E8C-BF48-06D35D3DC928}.Release|x86.ActiveCfg = Release|Any CPU
		{34220CBB-1FDE-4E8C-BF48-06D35D3DC928}.Release|x86.Build.0 = Release|Any CPU
		{D77EBF7C-2C7C-4636-A028-BEF3E8FDAA40}.Debug|Any CPU.ActiveCfg = Debug|Any CPU
		{D77EBF7C-2C7C-4636-A028-BEF3E8FDAA40}.Debug|Any CPU.Build.0 = Debug|Any CPU
		{D77EBF7C-2C7C-4636-A028-BEF3E8FDAA40}.Debug|ARM.ActiveCfg = Debug|Any CPU
		{D77EBF7C-2C7C-4636-A028-BEF3E8FDAA40}.Debug|ARM.Build.0 = Debug|Any CPU
		{D77EBF7C-2C7C-4636-A028-BEF3E8FDAA40}.Debug|x64.ActiveCfg = Debug|Any CPU
		{D77EBF7C-2C7C-4636-A028-BEF3E8FDAA40}.Debug|x64.Build.0 = Debug|Any CPU
		{D77EBF7C-2C7C-4636-A028-BEF3E8FDAA40}.Debug|x86.ActiveCfg = Debug|Any CPU
		{D77EBF7C-2C7C-4636-A028-BEF3E8FDAA40}.Debug|x86.Build.0 = Debug|Any CPU
		{D77EBF7C-2C7C-4636-A028-BEF3E8FDAA40}.Release|Any CPU.ActiveCfg = Release|Any CPU
		{D77EBF7C-2C7C-4636-A028-BEF3E8FDAA40}.Release|Any CPU.Build.0 = Release|Any CPU
		{D77EBF7C-2C7C-4636-A028-BEF3E8FDAA40}.Release|ARM.ActiveCfg = Release|Any CPU
		{D77EBF7C-2C7C-4636-A028-BEF3E8FDAA40}.Release|ARM.Build.0 = Release|Any CPU
		{D77EBF7C-2C7C-4636-A028-BEF3E8FDAA40}.Release|x64.ActiveCfg = Release|Any CPU
		{D77EBF7C-2C7C-4636-A028-BEF3E8FDAA40}.Release|x64.Build.0 = Release|Any CPU
		{D77EBF7C-2C7C-4636-A028-BEF3E8FDAA40}.Release|x86.ActiveCfg = Release|Any CPU
		{D77EBF7C-2C7C-4636-A028-BEF3E8FDAA40}.Release|x86.Build.0 = Release|Any CPU
		{DA08FD51-214E-4802-8723-395BA72BA906}.Debug|Any CPU.ActiveCfg = Debug
		{DA08FD51-214E-4802-8723-395BA72BA906}.Debug|ARM.ActiveCfg = Debug
		{DA08FD51-214E-4802-8723-395BA72BA906}.Debug|x64.ActiveCfg = Debug
		{DA08FD51-214E-4802-8723-395BA72BA906}.Debug|x86.ActiveCfg = Debug
		{DA08FD51-214E-4802-8723-395BA72BA906}.Release|Any CPU.ActiveCfg = Release
		{DA08FD51-214E-4802-8723-395BA72BA906}.Release|ARM.ActiveCfg = Release
		{DA08FD51-214E-4802-8723-395BA72BA906}.Release|x64.ActiveCfg = Release
		{DA08FD51-214E-4802-8723-395BA72BA906}.Release|x86.ActiveCfg = Release
	EndGlobalSection
	GlobalSection(SolutionProperties) = preSolution
		HideSolutionNode = FALSE
	EndGlobalSection
EndGlobal
